# THIS IS AN AUTOGENERATED FILE. DO NOT EDIT THIS FILE DIRECTLY.
# yarn lockfile v1


axios@^0.26.0:
  version "0.26.1"
  resolved "https://registry.yarnpkg.com/axios/-/axios-0.26.1.tgz#1ede41c51fcf51bbbd6fd43669caaa4f0495aaa9"
  integrity sha512-fPwcX4EvnSHuInCMItEhAGnaSEXRBjtzh9fOtsE6E1G6p7vl7edEeZe11QHf18+6+9gR5PbKV/sGKNaD8YaMeA==
  dependencies:
    follow-redirects "^1.14.8"

follow-redirects@^1.14.8:
  version "1.15.1"
  resolved "https://registry.yarnpkg.com/follow-redirects/-/follow-redirects-1.15.1.tgz#0ca6a452306c9b276e4d3127483e29575e207ad5"
  integrity sha512-yLAMQs+k0b2m7cVxpS1VKJVvoz7SS9Td1zss3XRwXj+ZDH00RJgnuLx7E44wx02kQLrdM3aOOy+FpzS7+8OizA==

isnumber@~1.0.0:
  version "1.0.0"
  resolved "https://registry.yarnpkg.com/isnumber/-/isnumber-1.0.0.tgz#0e3f9759b581d99dd85086f0ec2a74909cfadd01"
  integrity sha512-JLiSz/zsZcGFXPrB4I/AGBvtStkt+8QmksyZBZnVXnnK9XdTEyz0tX8CRYljtwYDuIuZzih6DpHQdi+3Q6zHPw==

kitsu-core@^9.1.25:
  version "9.1.25"
  resolved "https://registry.yarnpkg.com/kitsu-core/-/kitsu-core-9.1.25.tgz#0bc88c74e9366444a91848f1c3f562c136c32edf"
  integrity sha512-30G2gI4ZLJEjPohF1vp0j3AP6rnLXtsLftZAsgxCyJSDIWvNwY5EalX8POTfXe7p0hcaX+BYqklVWRoCaQCpLA==

kitsu@~9.1.0:
  version "9.1.25"
  resolved "https://registry.yarnpkg.com/kitsu/-/kitsu-9.1.25.tgz#577cf091fba1a1b28385a2ee692e68d40cf4662e"
  integrity sha512-Lx8CdecZmS4UF4roON8kCvZDQFMY/LkZOClfEFZjVW+O4fK8Abm45OMGAD+5wbkF0ClBmA+BJ6v1bULdeUCLpQ==
  dependencies:
    axios "^0.26.0"
    kitsu-core "^9.1.25"
    pluralize "^8.0.0"

markdown-table@~2.0.0:
  version "2.0.0"
  resolved "https://registry.yarnpkg.com/markdown-table/-/markdown-table-2.0.0.tgz#194a90ced26d31fe753d8b9434430214c011865b"
  integrity sha512-Ezda85ToJUBhM6WGaG6veasyym+Tbs3cMAw/ZhOPqXiYsr0jgocBV3j3nx+4lk47plLlIqjwuTm/ywVI+zjJ/A==
  dependencies:
    repeat-string "^1.0.0"

minimist@^1.2.6:
  version "1.2.6"
  resolved "https://registry.yarnpkg.com/minimist/-/minimist-1.2.6.tgz#8637a5b759ea0d6e98702cfb3a9283323c93af44"
  integrity sha512-Jsjnk4bw3YJqYzbdyBiNsPWHPfO++UGG749Cxs6peCu5Xg4nrena6OVxOYxrQTqww0Jmwt+Ref8rggumkTLz9Q==

mkdirp@~0.5.0:
  version "0.5.6"
  resolved "https://registry.yarnpkg.com/mkdirp/-/mkdirp-0.5.6.tgz#7def03d2432dcae4ba1d611445c48396062255f6"
  integrity sha512-FP+p8RB8OWpF3YZBCrP5gtADmtXApB5AMLn+vdyA+PyxCjrCs00mjyUozssO33cwDeT3wNGdLxJ5M//YqtHAJw==
  dependencies:
    minimist "^1.2.6"

plotly@~1.0.6:
  version "1.0.6"
  resolved "https://registry.yarnpkg.com/plotly/-/plotly-1.0.6.tgz#b2672c3df88333625bdf684982d0e3f6521d7aaa"
  integrity sha512-9DoPWfLJWxqXg6omu1Oj7qkvyOce0Nv+X+2SOoI9lG9mbvA7S/qGVHypwrGMV3r53ruW1Fl1A9a7ZIPt22FrpA==
  dependencies:
    mkdirp "~0.5.0"

pluralize@^8.0.0:
  version "8.0.0"
  resolved "https://registry.yarnpkg.com/pluralize/-/pluralize-8.0.0.tgz#1a6fa16a38d12a1901e0320fa017051c539ce3b1"
  integrity sha512-Nc3IT5yHzflTfbjgqWcCPpo7DaKy4FnpB0l/zCAW0Tc7jxAiuqSxHasntB3D7887LSrA93kDJ9IXovxJYxyLCA==

repeat-string@^1.0.0:
  version "1.6.1"
  resolved "https://registry.yarnpkg.com/repeat-string/-/repeat-string-1.6.1.tgz#8dcae470e1c88abc2d600fff4a776286da75e637"
  integrity sha512-PV0dzCYDNfRi1jCDbJzpW7jNNDRuCOG/jI5ctQcGKt/clZD+YcPS3yIlWuTJMmESC8aevCFmWJy5wjAFgNqN6w==

stats-lite@~2.2.0:
  version "2.2.0"
  resolved "https://registry.yarnpkg.com/stats-lite/-/stats-lite-2.2.0.tgz#278a5571fa1d2e8b1691295dccc0235282393bbf"
  integrity sha512-/Kz55rgUIv2KP2MKphwYT/NCuSfAlbbMRv2ZWw7wyXayu230zdtzhxxuXXcvsc6EmmhS8bSJl3uS1wmMHFumbA==
  dependencies:
    isnumber "~1.0.0"

weighted-mean@~1.0.2:
  version "1.0.2"
  resolved "https://registry.yarnpkg.com/weighted-mean/-/weighted-mean-1.0.2.tgz#a3e2ac365f73c23b7d9a27686a0097794b35a550"
  integrity sha512-5pHtPEYTmV99xugXaM5jomQ32QTv93xf3JuTcLRuTJ0N8cR4zT/x/FSTreGXNMq39Mynwh/HivbZ2Mpwso8dpw==
