# THIS IS AN AUTOGENERATED FILE. DO NOT EDIT THIS FILE DIRECTLY.
# yarn lockfile v1


axios@^0.21.1:
  version "0.21.1"
  resolved "https://registry.yarnpkg.com/axios/-/axios-0.21.1.tgz#22563481962f4d6bde9a76d516ef0e5d3c09b2b8"
  integrity sha512-dKQiRHxGD9PPRIUNIWvZhPTPpl1rf/OxTYKsqKUDjBwYylTvV7SjSHJb9ratfyzM6wCdLCOYLzs73qpg5c4iGA==
  dependencies:
    follow-redirects "^1.10.0"

follow-redirects@^1.10.0:
  version "1.14.2"
  resolved "https://registry.yarnpkg.com/follow-redirects/-/follow-redirects-1.14.2.tgz#cecb825047c00f5e66b142f90fed4f515dec789b"
  integrity sha512-yLR6WaE2lbF0x4K2qE2p9PEXKLDjUjnR/xmjS3wHAYxtlsI9MLLBJUZirAHKzUZDGLxje7w/cXR49WOUo4rbsA==

isnumber@~1.0.0:
  version "1.0.0"
  resolved "https://registry.yarnpkg.com/isnumber/-/isnumber-1.0.0.tgz#0e3f9759b581d99dd85086f0ec2a74909cfadd01"
  integrity sha1-Dj+XWbWB2Z3YUIbw7Cp0kJz63QE=

kitsu-core@^9.1.19:
  version "9.1.19"
  resolved "https://registry.yarnpkg.com/kitsu-core/-/kitsu-core-9.1.19.tgz#a0620e7d5677eb604e7102ba36692c4bf609fb29"
  integrity sha512-h9AeRq76YHwd3TKCfjbUuysTrgOPyaiGKzwIv2BIQ+SERJDOEQmGMriAxzbRHt7rQ8d5zqbIhrwEarGXMZEvGw==

kitsu@~9.1.0:
  version "9.1.19"
  resolved "https://registry.yarnpkg.com/kitsu/-/kitsu-9.1.19.tgz#8ebedec7e49afade573511f72c8c1a69dc815b2b"
  integrity sha512-f3QsckwLEH3DxpNtUrBiIifDC6JHD5IvruWWyBiGS6+MZmedJ9KnhVS4NpInX+weDLrS0Z20Ah2gBFqptdwVtw==
  dependencies:
    axios "^0.21.1"
    kitsu-core "^9.1.19"
    pluralize "^8.0.0"

markdown-table@~3.0.0:
  version "3.0.1"
  resolved "https://registry.yarnpkg.com/markdown-table/-/markdown-table-3.0.1.tgz#88c48957aaf2a8014ccb2ba026776a1d736fe3dc"
  integrity sha512-CBbaYXKSGnE1uLRpKA1SWgIRb2PQrpkllNWpZtZe6VojOJ4ysqiq7/2glYcmKsOYN09QgH/HEBX5hIshAeiK6A==

minimist@^1.2.5:
  version "1.2.5"
  resolved "https://registry.yarnpkg.com/minimist/-/minimist-1.2.5.tgz#67d66014b66a6a8aaa0c083c5fd58df4e4e97602"
  integrity sha512-FM9nNUYrRBAELZQT3xeZQ7fmMOBg6nWNmJKTcgsJeaLstP/UODVpGsr5OhXhhXg6f+qtJ8uiZ+PUxkDWcgIXLw==

mkdirp@~0.5.0:
  version "0.5.5"
  resolved "https://registry.yarnpkg.com/mkdirp/-/mkdirp-0.5.5.tgz#d91cefd62d1436ca0f41620e251288d420099def"
  integrity sha512-NKmAlESf6jMGym1++R0Ra7wvhV+wFW63FaSOFPwRahvea0gMUcGUhVeAg/0BC0wiv9ih5NYPB1Wn1UEI1/L+xQ==
  dependencies:
    minimist "^1.2.5"

plotly@~1.0.6:
  version "1.0.6"
  resolved "https://registry.yarnpkg.com/plotly/-/plotly-1.0.6.tgz#b2672c3df88333625bdf684982d0e3f6521d7aaa"
  integrity sha1-smcsPfiDM2Jb32hJgtDj9lIdeqo=
  dependencies:
    mkdirp "~0.5.0"

pluralize@^8.0.0:
  version "8.0.0"
  resolved "https://registry.yarnpkg.com/pluralize/-/pluralize-8.0.0.tgz#1a6fa16a38d12a1901e0320fa017051c539ce3b1"
  integrity sha512-Nc3IT5yHzflTfbjgqWcCPpo7DaKy4FnpB0l/zCAW0Tc7jxAiuqSxHasntB3D7887LSrA93kDJ9IXovxJYxyLCA==

stats-lite@~2.2.0:
  version "2.2.0"
  resolved "https://registry.yarnpkg.com/stats-lite/-/stats-lite-2.2.0.tgz#278a5571fa1d2e8b1691295dccc0235282393bbf"
  integrity sha512-/Kz55rgUIv2KP2MKphwYT/NCuSfAlbbMRv2ZWw7wyXayu230zdtzhxxuXXcvsc6EmmhS8bSJl3uS1wmMHFumbA==
  dependencies:
    isnumber "~1.0.0"

weighted-mean@~1.0.2:
  version "1.0.2"
  resolved "https://registry.yarnpkg.com/weighted-mean/-/weighted-mean-1.0.2.tgz#a3e2ac365f73c23b7d9a27686a0097794b35a550"
  integrity sha1-o+KsNl9zwjt9midoagCXeUs1pVA=
